
Microsoft Visual Studio Solution File, Format Version 12.00
# Visual Studio 15
VisualStudioVersion = 15.0.28307.1525
MinimumVisualStudioVersion = 10.0.40219.1
Project("{8BC9CEB8-8B4A-11D0-8D11-00A0C91BC942}") = "opensslTestForImg", "opensslTestForImg\opensslTestForImg.vcxproj", "{4CB94B99-0232-42C1-A6CC-1825F10D6E3E}"
EndProject
Project("{8BC9CEB8-8B4A-11D0-8D11-00A0C91BC942}") = "ImgEncrption_DLL", "..\..\..\C++\ImgEncrption_DLL\ImgEncrption_DLL\ImgEncrption_DLL.vcxproj", "{608993C2-53A3-4024-9D4E-59EF0D92B938}"
EndProject
Global
	GlobalSection(SolutionConfigurationPlatforms) = preSolution
		Debug|x64 = Debug|x64
		Debug|x86 = Debug|x86
		Release|x64 = Release|x64
		Release|x86 = Release|x86
	EndGlobalSection
	GlobalSection(ProjectConfigurationPlatforms) = postSolution
		{4CB94B99-0232-42C1-A6CC-1825F10D6E3E}.Debug|x64.ActiveCfg = Debug|x64
		{4CB94B99-0232-42C1-A6CC-1825F10D6E3E}.Debug|x64.Build.0 = Debug|x64
		{4CB94B99-0232-42C1-A6CC-1825F10D6E3E}.Debug|x86.ActiveCfg = Debug|x64
		{4CB94B99-0232-42C1-A6CC-1825F10D6E3E}.Release|x64.ActiveCfg = Release|x64
		{4CB94B99-0232-42C1-A6CC-1825F10D6E3E}.Release|x64.Build.0 = Release|x64
		{4CB94B99-0232-42C1-A6CC-1825F10D6E3E}.Release|x86.ActiveCfg = Release|x64
		{608993C2-53A3-4024-9D4E-59EF0D92B938}.Debug|x64.ActiveCfg = Debug|x64
		{608993C2-53A3-4024-9D4E-59EF0D92B938}.Debug|x64.Build.0 = Debug|x64
		{608993C2-53A3-4024-9D4E-59EF0D92B938}.Debug|x86.ActiveCfg = Debug|Win32
		{608993C2-53A3-4024-9D4E-59EF0D92B938}.Debug|x86.Build.0 = Debug|Win32
		{608993C2-53A3-4024-9D4E-59EF0D92B938}.Release|x64.ActiveCfg = Release|x64
		{608993C2-53A3-4024-9D4E-59EF0D92B938}.Release|x64.Build.0 = Release|x64
		{608993C2-53A3-4024-9D4E-59EF0D92B938}.Release|x86.ActiveCfg = Release|Win32
		{608993C2-53A3-4024-9D4E-59EF0D92B938}.Release|x86.Build.0 = Release|Win32
	EndGlobalSection
	GlobalSection(SolutionProperties) = preSolution
		HideSolutionNode = FALSE
	EndGlobalSection
	GlobalSection(ExtensibilityGlobals) = postSolution
		SolutionGuid = {BC36E693-66F5-45C4-BA65-5B36A079721E}
	EndGlobalSection
EndGlobal
